
Microsoft Visual Studio Solution File, Format Version 12.00
# Visual Studio for Mac
Project("{FAE04EC0-301F-11D3-BF4B-00C04F79EFBC}") = "Assembly-CSharp", "Assembly-CSharp.csproj", "{EDF7B135-2AE1-B9E9-611C-2D9B5E6EC9B9}"
EndProject
Global
	GlobalSection(SolutionConfigurationPlatforms) = preSolution
		Debug|Any CPU = Debug|Any CPU
		Release|Any CPU = Release|Any CPU
	EndGlobalSection
	GlobalSection(ProjectConfigurationPlatforms) = postSolution
		{EDF7B135-2AE1-B9E9-611C-2D9B5E6EC9B9}.Debug|Any CPU.ActiveCfg = Debug|Any CPU
		{EDF7B135-2AE1-B9E9-611C-2D9B5E6EC9B9}.Debug|Any CPU.Build.0 = Debug|Any CPU
		{EDF7B135-2AE1-B9E9-611C-2D9B5E6EC9B9}.Release|Any CPU.ActiveCfg = Release|Any CPU
		{EDF7B135-2AE1-B9E9-611C-2D9B5E6EC9B9}.Release|Any CPU.Build.0 = Release|Any CPU
	EndGlobalSection
	GlobalSection(SolutionProperties) = preSolution
		HideSolutionNode = FALSE
	EndGlobalSection
EndGlobal
